
Microsoft Visual Studio Solution File, Format Version 12.00
Project("{FAE04EC0-301F-11D3-BF4B-00C04F79EFBC}") = "CentralStation.API", "CentralStation.API\CentralStation.API.csproj", "{D62B2027-79F4-4CC7-B436-833D1B8DB2AA}"
EndProject
Project("{FAE04EC0-301F-11D3-BF4B-00C04F79EFBC}") = "CentralStation.WebUI", "CentralStation.WebUI\CentralStation.WebUI.csproj", "{5F19E7F3-8F89-4D2F-B42F-C7E754DB7C27}"
EndProject
Project("{FAE04EC0-301F-11D3-BF4B-00C04F79EFBC}") = "CentralStation.EFCore", "CentralStation.EFCore\CentralStation.EFCore.csproj", "{0CEC9313-F7DE-4784-A9ED-F2830D547E4A}"
EndProject
Project("{FAE04EC0-301F-11D3-BF4B-00C04F79EFBC}") = "Migrator", "Migrator\Migrator.csproj", "{4ADCA3DE-B1A2-4A23-BB64-570EB10D9C2C}"
EndProject
Project("{FAE04EC0-301F-11D3-BF4B-00C04F79EFBC}") = "CentralStation.Core", "CentralStation.Core\CentralStation.Core.csproj", "{76D5C58D-B36F-423F-862A-AF1F40C7BC71}"
EndProject
Project("{2150E333-8FDC-42A3-9474-1A3956D46DE8}") = "Backend", "Backend", "{0E514EBC-3B29-4C10-85D2-8BC798BD8EB3}"
EndProject
Project("{FAE04EC0-301F-11D3-BF4B-00C04F79EFBC}") = "CentralStation.Application", "CentralStation.Application\CentralStation.Application.csproj", "{FD35DDC7-9DBF-4ECA-9C7F-A8A2F1480CAA}"
EndProject
Global
	GlobalSection(SolutionConfigurationPlatforms) = preSolution
		Debug|Any CPU = Debug|Any CPU
		Release|Any CPU = Release|Any CPU
	EndGlobalSection
	GlobalSection(ProjectConfigurationPlatforms) = postSolution
		{D62B2027-79F4-4CC7-B436-833D1B8DB2AA}.Debug|Any CPU.ActiveCfg = Debug|Any CPU
		{D62B2027-79F4-4CC7-B436-833D1B8DB2AA}.Debug|Any CPU.Build.0 = Debug|Any CPU
		{D62B2027-79F4-4CC7-B436-833D1B8DB2AA}.Release|Any CPU.ActiveCfg = Release|Any CPU
		{D62B2027-79F4-4CC7-B436-833D1B8DB2AA}.Release|Any CPU.Build.0 = Release|Any CPU
		{5F19E7F3-8F89-4D2F-B42F-C7E754DB7C27}.Debug|Any CPU.ActiveCfg = Debug|Any CPU
		{5F19E7F3-8F89-4D2F-B42F-C7E754DB7C27}.Debug|Any CPU.Build.0 = Debug|Any CPU
		{5F19E7F3-8F89-4D2F-B42F-C7E754DB7C27}.Release|Any CPU.ActiveCfg = Release|Any CPU
		{5F19E7F3-8F89-4D2F-B42F-C7E754DB7C27}.Release|Any CPU.Build.0 = Release|Any CPU
		{0CEC9313-F7DE-4784-A9ED-F2830D547E4A}.Debug|Any CPU.ActiveCfg = Debug|Any CPU
		{0CEC9313-F7DE-4784-A9ED-F2830D547E4A}.Debug|Any CPU.Build.0 = Debug|Any CPU
		{0CEC9313-F7DE-4784-A9ED-F2830D547E4A}.Release|Any CPU.ActiveCfg = Release|Any CPU
		{0CEC9313-F7DE-4784-A9ED-F2830D547E4A}.Release|Any CPU.Build.0 = Release|Any CPU
		{4ADCA3DE-B1A2-4A23-BB64-570EB10D9C2C}.Debug|Any CPU.ActiveCfg = Debug|Any CPU
		{4ADCA3DE-B1A2-4A23-BB64-570EB10D9C2C}.Debug|Any CPU.Build.0 = Debug|Any CPU
		{4ADCA3DE-B1A2-4A23-BB64-570EB10D9C2C}.Release|Any CPU.ActiveCfg = Release|Any CPU
		{4ADCA3DE-B1A2-4A23-BB64-570EB10D9C2C}.Release|Any CPU.Build.0 = Release|Any CPU
		{76D5C58D-B36F-423F-862A-AF1F40C7BC71}.Debug|Any CPU.ActiveCfg = Debug|Any CPU
		{76D5C58D-B36F-423F-862A-AF1F40C7BC71}.Debug|Any CPU.Build.0 = Debug|Any CPU
		{76D5C58D-B36F-423F-862A-AF1F40C7BC71}.Release|Any CPU.ActiveCfg = Release|Any CPU
		{76D5C58D-B36F-423F-862A-AF1F40C7BC71}.Release|Any CPU.Build.0 = Release|Any CPU
		{FD35DDC7-9DBF-4ECA-9C7F-A8A2F1480CAA}.Debug|Any CPU.ActiveCfg = Debug|Any CPU
		{FD35DDC7-9DBF-4ECA-9C7F-A8A2F1480CAA}.Debug|Any CPU.Build.0 = Debug|Any CPU
		{FD35DDC7-9DBF-4ECA-9C7F-A8A2F1480CAA}.Release|Any CPU.ActiveCfg = Release|Any CPU
		{FD35DDC7-9DBF-4ECA-9C7F-A8A2F1480CAA}.Release|Any CPU.Build.0 = Release|Any CPU
	EndGlobalSection
	GlobalSection(NestedProjects) = preSolution
		{D62B2027-79F4-4CC7-B436-833D1B8DB2AA} = {0E514EBC-3B29-4C10-85D2-8BC798BD8EB3}
		{76D5C58D-B36F-423F-862A-AF1F40C7BC71} = {0E514EBC-3B29-4C10-85D2-8BC798BD8EB3}
		{0CEC9313-F7DE-4784-A9ED-F2830D547E4A} = {0E514EBC-3B29-4C10-85D2-8BC798BD8EB3}
		{4ADCA3DE-B1A2-4A23-BB64-570EB10D9C2C} = {0E514EBC-3B29-4C10-85D2-8BC798BD8EB3}
		{FD35DDC7-9DBF-4ECA-9C7F-A8A2F1480CAA} = {0E514EBC-3B29-4C10-85D2-8BC798BD8EB3}
	EndGlobalSection
EndGlobal
