
Microsoft Visual Studio Solution File, Format Version 12.00
Project("{FAE04EC0-301F-11D3-BF4B-00C04F79EFBC}") = "CentralStation", "CentralStation\CentralStation.csproj", "{8B76BFA7-7D49-4EA6-85AB-F877A46E5AC6}"
EndProject
Project("{FAE04EC0-301F-11D3-BF4B-00C04F79EFBC}") = "CentralStation.Core", "CentralStation.Core\CentralStation.Core.csproj", "{12A3BCA4-2570-4695-A81C-1294F5212337}"
EndProject
Project("{FAE04EC0-301F-11D3-BF4B-00C04F79EFBC}") = "CentralStation.Tests", "CentralStation.Tests\CentralStation.Tests.csproj", "{0CD7E7AB-1D9B-4126-9F8E-36DFC9B056BE}"
EndProject
Project("{FAE04EC0-301F-11D3-BF4B-00C04F79EFBC}") = "CentralStation.Tests.Shared", "CentralStation.Tests.Shared\CentralStation.Tests.Shared.csproj", "{1643846E-BE32-425B-8DF5-DD76EF999C93}"
EndProject
Project("{FAE04EC0-301F-11D3-BF4B-00C04F79EFBC}") = "CentralStation.EFCore", "CentralStation.EFCore\CentralStation.EFCore.csproj", "{64C58ECA-9E63-46DA-A5BA-1AA4794D6F94}"
EndProject
Project("{FAE04EC0-301F-11D3-BF4B-00C04F79EFBC}") = "CentralStation.EFCore.Tests", "CentralStation.EFCore.Tests\CentralStation.EFCore.Tests.csproj", "{D2CB0ED2-25CB-4EF2-B02E-024E9530A2CA}"
EndProject
Project("{FAE04EC0-301F-11D3-BF4B-00C04F79EFBC}") = "Networking.Web", "Networking.Web\Networking.Web.csproj", "{272D9AE9-2DB2-42A2-9169-1CEDF5BD4FC7}"
EndProject
Project("{FAE04EC0-301F-11D3-BF4B-00C04F79EFBC}") = "Networking.Application", "Networking.Application\Networking.Application.csproj", "{E9D806E8-93D8-49C6-8DBC-A183D483EAF3}"
EndProject
Project("{FAE04EC0-301F-11D3-BF4B-00C04F79EFBC}") = "Networking.Domain", "Networking.Domain\Networking.Domain.csproj", "{30F2801D-F45C-4A78-811E-05E96F9149D7}"
EndProject
Project("{FAE04EC0-301F-11D3-BF4B-00C04F79EFBC}") = "Networking.Domain.Tests", "Networking.Domain.Tests\Networking.Domain.Tests.csproj", "{3CE87C43-C48D-4CD0-975D-A058C77B2A55}"
EndProject
Project("{FAE04EC0-301F-11D3-BF4B-00C04F79EFBC}") = "Networking.Application.Tests", "Networking.Application.Tests\Networking.Application.Tests.csproj", "{16857B3D-36B0-4C3B-A163-8E983326AD25}"
EndProject
Project("{2150E333-8FDC-42A3-9474-1A3956D46DE8}") = "Infrastructure", "Infrastructure", "{0B571144-7C6D-4DE1-8569-19977FD16FF4}"
EndProject
Project("{2150E333-8FDC-42A3-9474-1A3956D46DE8}") = "Networking", "Networking", "{96000FDE-DBD4-4067-9693-2B4631FAF0B1}"
EndProject
Project("{2150E333-8FDC-42A3-9474-1A3956D46DE8}") = "Common", "Common", "{69B1AB60-57DD-46C9-A65F-3D8452DB05CA}"
EndProject
Global
	GlobalSection(SolutionConfigurationPlatforms) = preSolution
		Debug|Any CPU = Debug|Any CPU
		Release|Any CPU = Release|Any CPU
	EndGlobalSection
	GlobalSection(ProjectConfigurationPlatforms) = postSolution
		{8B76BFA7-7D49-4EA6-85AB-F877A46E5AC6}.Debug|Any CPU.ActiveCfg = Debug|Any CPU
		{8B76BFA7-7D49-4EA6-85AB-F877A46E5AC6}.Debug|Any CPU.Build.0 = Debug|Any CPU
		{8B76BFA7-7D49-4EA6-85AB-F877A46E5AC6}.Release|Any CPU.ActiveCfg = Release|Any CPU
		{8B76BFA7-7D49-4EA6-85AB-F877A46E5AC6}.Release|Any CPU.Build.0 = Release|Any CPU
		{12A3BCA4-2570-4695-A81C-1294F5212337}.Debug|Any CPU.ActiveCfg = Debug|Any CPU
		{12A3BCA4-2570-4695-A81C-1294F5212337}.Debug|Any CPU.Build.0 = Debug|Any CPU
		{12A3BCA4-2570-4695-A81C-1294F5212337}.Release|Any CPU.ActiveCfg = Release|Any CPU
		{12A3BCA4-2570-4695-A81C-1294F5212337}.Release|Any CPU.Build.0 = Release|Any CPU
		{0CD7E7AB-1D9B-4126-9F8E-36DFC9B056BE}.Debug|Any CPU.ActiveCfg = Debug|Any CPU
		{0CD7E7AB-1D9B-4126-9F8E-36DFC9B056BE}.Debug|Any CPU.Build.0 = Debug|Any CPU
		{0CD7E7AB-1D9B-4126-9F8E-36DFC9B056BE}.Release|Any CPU.ActiveCfg = Release|Any CPU
		{0CD7E7AB-1D9B-4126-9F8E-36DFC9B056BE}.Release|Any CPU.Build.0 = Release|Any CPU
		{1643846E-BE32-425B-8DF5-DD76EF999C93}.Debug|Any CPU.ActiveCfg = Debug|Any CPU
		{1643846E-BE32-425B-8DF5-DD76EF999C93}.Debug|Any CPU.Build.0 = Debug|Any CPU
		{1643846E-BE32-425B-8DF5-DD76EF999C93}.Release|Any CPU.ActiveCfg = Release|Any CPU
		{1643846E-BE32-425B-8DF5-DD76EF999C93}.Release|Any CPU.Build.0 = Release|Any CPU
		{64C58ECA-9E63-46DA-A5BA-1AA4794D6F94}.Debug|Any CPU.ActiveCfg = Debug|Any CPU
		{64C58ECA-9E63-46DA-A5BA-1AA4794D6F94}.Debug|Any CPU.Build.0 = Debug|Any CPU
		{64C58ECA-9E63-46DA-A5BA-1AA4794D6F94}.Release|Any CPU.ActiveCfg = Release|Any CPU
		{64C58ECA-9E63-46DA-A5BA-1AA4794D6F94}.Release|Any CPU.Build.0 = Release|Any CPU
		{D2CB0ED2-25CB-4EF2-B02E-024E9530A2CA}.Debug|Any CPU.ActiveCfg = Debug|Any CPU
		{D2CB0ED2-25CB-4EF2-B02E-024E9530A2CA}.Debug|Any CPU.Build.0 = Debug|Any CPU
		{D2CB0ED2-25CB-4EF2-B02E-024E9530A2CA}.Release|Any CPU.ActiveCfg = Release|Any CPU
		{D2CB0ED2-25CB-4EF2-B02E-024E9530A2CA}.Release|Any CPU.Build.0 = Release|Any CPU
		{272D9AE9-2DB2-42A2-9169-1CEDF5BD4FC7}.Debug|Any CPU.ActiveCfg = Debug|Any CPU
		{272D9AE9-2DB2-42A2-9169-1CEDF5BD4FC7}.Debug|Any CPU.Build.0 = Debug|Any CPU
		{272D9AE9-2DB2-42A2-9169-1CEDF5BD4FC7}.Release|Any CPU.ActiveCfg = Release|Any CPU
		{272D9AE9-2DB2-42A2-9169-1CEDF5BD4FC7}.Release|Any CPU.Build.0 = Release|Any CPU
		{E9D806E8-93D8-49C6-8DBC-A183D483EAF3}.Debug|Any CPU.ActiveCfg = Debug|Any CPU
		{E9D806E8-93D8-49C6-8DBC-A183D483EAF3}.Debug|Any CPU.Build.0 = Debug|Any CPU
		{E9D806E8-93D8-49C6-8DBC-A183D483EAF3}.Release|Any CPU.ActiveCfg = Release|Any CPU
		{E9D806E8-93D8-49C6-8DBC-A183D483EAF3}.Release|Any CPU.Build.0 = Release|Any CPU
		{30F2801D-F45C-4A78-811E-05E96F9149D7}.Debug|Any CPU.ActiveCfg = Debug|Any CPU
		{30F2801D-F45C-4A78-811E-05E96F9149D7}.Debug|Any CPU.Build.0 = Debug|Any CPU
		{30F2801D-F45C-4A78-811E-05E96F9149D7}.Release|Any CPU.ActiveCfg = Release|Any CPU
		{30F2801D-F45C-4A78-811E-05E96F9149D7}.Release|Any CPU.Build.0 = Release|Any CPU
		{3CE87C43-C48D-4CD0-975D-A058C77B2A55}.Debug|Any CPU.ActiveCfg = Debug|Any CPU
		{3CE87C43-C48D-4CD0-975D-A058C77B2A55}.Debug|Any CPU.Build.0 = Debug|Any CPU
		{3CE87C43-C48D-4CD0-975D-A058C77B2A55}.Release|Any CPU.ActiveCfg = Release|Any CPU
		{3CE87C43-C48D-4CD0-975D-A058C77B2A55}.Release|Any CPU.Build.0 = Release|Any CPU
		{16857B3D-36B0-4C3B-A163-8E983326AD25}.Debug|Any CPU.ActiveCfg = Debug|Any CPU
		{16857B3D-36B0-4C3B-A163-8E983326AD25}.Debug|Any CPU.Build.0 = Debug|Any CPU
		{16857B3D-36B0-4C3B-A163-8E983326AD25}.Release|Any CPU.ActiveCfg = Release|Any CPU
		{16857B3D-36B0-4C3B-A163-8E983326AD25}.Release|Any CPU.Build.0 = Release|Any CPU
	EndGlobalSection
	GlobalSection(NestedProjects) = preSolution
		{D2CB0ED2-25CB-4EF2-B02E-024E9530A2CA} = {0B571144-7C6D-4DE1-8569-19977FD16FF4}
		{64C58ECA-9E63-46DA-A5BA-1AA4794D6F94} = {0B571144-7C6D-4DE1-8569-19977FD16FF4}
		{E9D806E8-93D8-49C6-8DBC-A183D483EAF3} = {96000FDE-DBD4-4067-9693-2B4631FAF0B1}
		{16857B3D-36B0-4C3B-A163-8E983326AD25} = {96000FDE-DBD4-4067-9693-2B4631FAF0B1}
		{30F2801D-F45C-4A78-811E-05E96F9149D7} = {96000FDE-DBD4-4067-9693-2B4631FAF0B1}
		{3CE87C43-C48D-4CD0-975D-A058C77B2A55} = {96000FDE-DBD4-4067-9693-2B4631FAF0B1}
		{272D9AE9-2DB2-42A2-9169-1CEDF5BD4FC7} = {96000FDE-DBD4-4067-9693-2B4631FAF0B1}
		{12A3BCA4-2570-4695-A81C-1294F5212337} = {69B1AB60-57DD-46C9-A65F-3D8452DB05CA}
		{1643846E-BE32-425B-8DF5-DD76EF999C93} = {69B1AB60-57DD-46C9-A65F-3D8452DB05CA}
	EndGlobalSection
EndGlobal
