
Microsoft Visual Studio Solution File, Format Version 12.00
Project("{FAE04EC0-301F-11D3-BF4B-00C04F79EFBC}") = "CentralStation", "CentralStation\CentralStation.csproj", "{8B76BFA7-7D49-4EA6-85AB-F877A46E5AC6}"
EndProject
Project("{FAE04EC0-301F-11D3-BF4B-00C04F79EFBC}") = "CentralStation.Core", "CentralStation.Core\CentralStation.Core.csproj", "{12A3BCA4-2570-4695-A81C-1294F5212337}"
EndProject
Project("{FAE04EC0-301F-11D3-BF4B-00C04F79EFBC}") = "CentralStation.Tests", "CentralStation.Tests\CentralStation.Tests.csproj", "{0CD7E7AB-1D9B-4126-9F8E-36DFC9B056BE}"
EndProject
Project("{FAE04EC0-301F-11D3-BF4B-00C04F79EFBC}") = "CentralStation.Tests.Shared", "CentralStation.Tests.Shared\CentralStation.Tests.Shared.csproj", "{1643846E-BE32-425B-8DF5-DD76EF999C93}"
EndProject
Project("{FAE04EC0-301F-11D3-BF4B-00C04F79EFBC}") = "CentralStation.EFCore", "CentralStation.EFCore\CentralStation.EFCore.csproj", "{64C58ECA-9E63-46DA-A5BA-1AA4794D6F94}"
EndProject
Project("{FAE04EC0-301F-11D3-BF4B-00C04F79EFBC}") = "CentralStation.EFCore.Tests", "CentralStation.EFCore.Tests\CentralStation.EFCore.Tests.csproj", "{D2CB0ED2-25CB-4EF2-B02E-024E9530A2CA}"
EndProject
Global
	GlobalSection(SolutionConfigurationPlatforms) = preSolution
		Debug|Any CPU = Debug|Any CPU
		Release|Any CPU = Release|Any CPU
	EndGlobalSection
	GlobalSection(ProjectConfigurationPlatforms) = postSolution
		{8B76BFA7-7D49-4EA6-85AB-F877A46E5AC6}.Debug|Any CPU.ActiveCfg = Debug|Any CPU
		{8B76BFA7-7D49-4EA6-85AB-F877A46E5AC6}.Debug|Any CPU.Build.0 = Debug|Any CPU
		{8B76BFA7-7D49-4EA6-85AB-F877A46E5AC6}.Release|Any CPU.ActiveCfg = Release|Any CPU
		{8B76BFA7-7D49-4EA6-85AB-F877A46E5AC6}.Release|Any CPU.Build.0 = Release|Any CPU
		{12A3BCA4-2570-4695-A81C-1294F5212337}.Debug|Any CPU.ActiveCfg = Debug|Any CPU
		{12A3BCA4-2570-4695-A81C-1294F5212337}.Debug|Any CPU.Build.0 = Debug|Any CPU
		{12A3BCA4-2570-4695-A81C-1294F5212337}.Release|Any CPU.ActiveCfg = Release|Any CPU
		{12A3BCA4-2570-4695-A81C-1294F5212337}.Release|Any CPU.Build.0 = Release|Any CPU
		{0CD7E7AB-1D9B-4126-9F8E-36DFC9B056BE}.Debug|Any CPU.ActiveCfg = Debug|Any CPU
		{0CD7E7AB-1D9B-4126-9F8E-36DFC9B056BE}.Debug|Any CPU.Build.0 = Debug|Any CPU
		{0CD7E7AB-1D9B-4126-9F8E-36DFC9B056BE}.Release|Any CPU.ActiveCfg = Release|Any CPU
		{0CD7E7AB-1D9B-4126-9F8E-36DFC9B056BE}.Release|Any CPU.Build.0 = Release|Any CPU
		{1643846E-BE32-425B-8DF5-DD76EF999C93}.Debug|Any CPU.ActiveCfg = Debug|Any CPU
		{1643846E-BE32-425B-8DF5-DD76EF999C93}.Debug|Any CPU.Build.0 = Debug|Any CPU
		{1643846E-BE32-425B-8DF5-DD76EF999C93}.Release|Any CPU.ActiveCfg = Release|Any CPU
		{1643846E-BE32-425B-8DF5-DD76EF999C93}.Release|Any CPU.Build.0 = Release|Any CPU
		{64C58ECA-9E63-46DA-A5BA-1AA4794D6F94}.Debug|Any CPU.ActiveCfg = Debug|Any CPU
		{64C58ECA-9E63-46DA-A5BA-1AA4794D6F94}.Debug|Any CPU.Build.0 = Debug|Any CPU
		{64C58ECA-9E63-46DA-A5BA-1AA4794D6F94}.Release|Any CPU.ActiveCfg = Release|Any CPU
		{64C58ECA-9E63-46DA-A5BA-1AA4794D6F94}.Release|Any CPU.Build.0 = Release|Any CPU
		{D2CB0ED2-25CB-4EF2-B02E-024E9530A2CA}.Debug|Any CPU.ActiveCfg = Debug|Any CPU
		{D2CB0ED2-25CB-4EF2-B02E-024E9530A2CA}.Debug|Any CPU.Build.0 = Debug|Any CPU
		{D2CB0ED2-25CB-4EF2-B02E-024E9530A2CA}.Release|Any CPU.ActiveCfg = Release|Any CPU
		{D2CB0ED2-25CB-4EF2-B02E-024E9530A2CA}.Release|Any CPU.Build.0 = Release|Any CPU
	EndGlobalSection
EndGlobal
